
Microsoft Visual Studio Solution File, Format Version 12.00
# Visual Studio 15
VisualStudioVersion = 15.0.27703.2018
MinimumVisualStudioVersion = 10.0.40219.1
Project("{FAE04EC0-301F-11D3-BF4B-00C04F79EFBC}") = "SignalRProof", "SignalRProof\SignalRProof.csproj", "{CE925E30-1DB6-4DE8-A603-1B79DA26911E}"
EndProject
Global
	GlobalSection(SolutionConfigurationPlatforms) = preSolution
		Debug|Any CPU = Debug|Any CPU
		Release|Any CPU = Release|Any CPU
	EndGlobalSection
	GlobalSection(ProjectConfigurationPlatforms) = postSolution
		{CE925E30-1DB6-4DE8-A603-1B79DA26911E}.Debug|Any CPU.ActiveCfg = Debug|Any CPU
		{CE925E30-1DB6-4DE8-A603-1B79DA26911E}.Debug|Any CPU.Build.0 = Debug|Any CPU
		{CE925E30-1DB6-4DE8-A603-1B79DA26911E}.Release|Any CPU.ActiveCfg = Release|Any CPU
		{CE925E30-1DB6-4DE8-A603-1B79DA26911E}.Release|Any CPU.Build.0 = Release|Any CPU
	EndGlobalSection
	GlobalSection(SolutionProperties) = preSolution
		HideSolutionNode = FALSE
	EndGlobalSection
	GlobalSection(ExtensibilityGlobals) = postSolution
		SolutionGuid = {5D812D94-46C3-46F2-AC3C-814D6AF84C30}
	EndGlobalSection
EndGlobal
